
Microsoft Visual Studio Solution File, Format Version 12.00
# Visual Studio Version 16
VisualStudioVersion = 16.0.30804.86
MinimumVisualStudioVersion = 10.0.40219.1
Project("{FAE04EC0-301F-11D3-BF4B-00C04F79EFBC}") = "WebApp", "WebApp\WebApp.csproj", "{FFAE0C45-F48A-43E9-9BF3-B46D28556989}"
EndProject
Project("{FAE04EC0-301F-11D3-BF4B-00C04F79EFBC}") = "ChinookSystem", "ChinookSystem\ChinookSystem.csproj", "{011DD72B-9447-47CC-9684-F9BD513F8C4A}"
EndProject
Global
	GlobalSection(SolutionConfigurationPlatforms) = preSolution
		Debug|Any CPU = Debug|Any CPU
		Release|Any CPU = Release|Any CPU
	EndGlobalSection
	GlobalSection(ProjectConfigurationPlatforms) = postSolution
		{FFAE0C45-F48A-43E9-9BF3-B46D28556989}.Debug|Any CPU.ActiveCfg = Debug|Any CPU
		{FFAE0C45-F48A-43E9-9BF3-B46D28556989}.Debug|Any CPU.Build.0 = Debug|Any CPU
		{FFAE0C45-F48A-43E9-9BF3-B46D28556989}.Release|Any CPU.ActiveCfg = Release|Any CPU
		{FFAE0C45-F48A-43E9-9BF3-B46D28556989}.Release|Any CPU.Build.0 = Release|Any CPU
		{011DD72B-9447-47CC-9684-F9BD513F8C4A}.Debug|Any CPU.ActiveCfg = Debug|Any CPU
		{011DD72B-9447-47CC-9684-F9BD513F8C4A}.Debug|Any CPU.Build.0 = Debug|Any CPU
		{011DD72B-9447-47CC-9684-F9BD513F8C4A}.Release|Any CPU.ActiveCfg = Release|Any CPU
		{011DD72B-9447-47CC-9684-F9BD513F8C4A}.Release|Any CPU.Build.0 = Release|Any CPU
	EndGlobalSection
	GlobalSection(SolutionProperties) = preSolution
		HideSolutionNode = FALSE
	EndGlobalSection
	GlobalSection(ExtensibilityGlobals) = postSolution
		SolutionGuid = {EAA04306-17E3-4A24-ADDD-B342A3047CF7}
	EndGlobalSection
EndGlobal
